
Microsoft Visual Studio Solution File, Format Version 12.00
# Visual Studio Version 17
VisualStudioVersion = 17.3.32901.215
MinimumVisualStudioVersion = 10.0.40219.1
Project("{FAE04EC0-301F-11D3-BF4B-00C04F79EFBC}") = "WebSocketsUppgift", "WebSocketsUppgift\WebSocketsUppgift.csproj", "{4A1FA186-B49F-429E-B536-55FDA5BD773E}"
EndProject
Global
	GlobalSection(SolutionConfigurationPlatforms) = preSolution
		Debug|Any CPU = Debug|Any CPU
		Release|Any CPU = Release|Any CPU
	EndGlobalSection
	GlobalSection(ProjectConfigurationPlatforms) = postSolution
		{4A1FA186-B49F-429E-B536-55FDA5BD773E}.Debug|Any CPU.ActiveCfg = Debug|Any CPU
		{4A1FA186-B49F-429E-B536-55FDA5BD773E}.Debug|Any CPU.Build.0 = Debug|Any CPU
		{4A1FA186-B49F-429E-B536-55FDA5BD773E}.Release|Any CPU.ActiveCfg = Release|Any CPU
		{4A1FA186-B49F-429E-B536-55FDA5BD773E}.Release|Any CPU.Build.0 = Release|Any CPU
	EndGlobalSection
	GlobalSection(SolutionProperties) = preSolution
		HideSolutionNode = FALSE
	EndGlobalSection
	GlobalSection(ExtensibilityGlobals) = postSolution
		SolutionGuid = {0762823C-A6E9-4239-A9DC-FD587B81411A}
	EndGlobalSection
EndGlobal
